
Microsoft Visual Studio Solution File, Format Version 12.00
# Visual Studio 15
VisualStudioVersion = 15.0.27130.2020
MinimumVisualStudioVersion = 10.0.40219.1
Project("{2150E333-8FDC-42A3-9474-1A3956D46DE8}") = "nuget", "nuget", "{DAAF8928-DAFA-47A7-8E43-FD20590CCF6E}"
	ProjectSection(SolutionItems) = preProject
		NuGet.Config = NuGet.Config
	EndProjectSection
EndProject
Project("{2150E333-8FDC-42A3-9474-1A3956D46DE8}") = "test", "test", "{2F91E22A-AEBA-4BEF-9A03-C8232830F697}"
EndProject
Project("{2150E333-8FDC-42A3-9474-1A3956D46DE8}") = "assessment", "assessment", "{CD0B1BD5-CEE9-4E4E-9266-19A18D5E5AF1}"
EndProject
Project("{9A19103F-16F7-4668-BE54-9A1E7A4F7556}") = "MPS.PaternalMessenger.Messages", "assessment\MPS.PaternalMessenger.Messages\MPS.PaternalMessenger.Messages.csproj", "{368BE2B7-456D-474F-A460-7C19E633C7DB}"
EndProject
Project("{9A19103F-16F7-4668-BE54-9A1E7A4F7556}") = "MPS.PaternalMessenger.Subscriber", "assessment\MPS.PaternalMessenger.Subscriber\MPS.PaternalMessenger.Subscriber.csproj", "{70157E2B-961A-4029-A21A-BBBA15066755}"
EndProject
Project("{9A19103F-16F7-4668-BE54-9A1E7A4F7556}") = "MPS.PaternalMessenger.Publisher", "assessment\MPS.PaternalMessenger.Publisher\MPS.PaternalMessenger.Publisher.csproj", "{7875BFD9-4C6D-4269-985A-EE6ABC1F7F17}"
EndProject
Global
	GlobalSection(SolutionConfigurationPlatforms) = preSolution
		Debug|Any CPU = Debug|Any CPU
		Release|Any CPU = Release|Any CPU
	EndGlobalSection
	GlobalSection(ProjectConfigurationPlatforms) = postSolution
		{368BE2B7-456D-474F-A460-7C19E633C7DB}.Debug|Any CPU.ActiveCfg = Debug|Any CPU
		{368BE2B7-456D-474F-A460-7C19E633C7DB}.Debug|Any CPU.Build.0 = Debug|Any CPU
		{368BE2B7-456D-474F-A460-7C19E633C7DB}.Release|Any CPU.ActiveCfg = Release|Any CPU
		{368BE2B7-456D-474F-A460-7C19E633C7DB}.Release|Any CPU.Build.0 = Release|Any CPU
		{70157E2B-961A-4029-A21A-BBBA15066755}.Debug|Any CPU.ActiveCfg = Debug|Any CPU
		{70157E2B-961A-4029-A21A-BBBA15066755}.Debug|Any CPU.Build.0 = Debug|Any CPU
		{70157E2B-961A-4029-A21A-BBBA15066755}.Release|Any CPU.ActiveCfg = Release|Any CPU
		{70157E2B-961A-4029-A21A-BBBA15066755}.Release|Any CPU.Build.0 = Release|Any CPU
		{7875BFD9-4C6D-4269-985A-EE6ABC1F7F17}.Debug|Any CPU.ActiveCfg = Debug|Any CPU
		{7875BFD9-4C6D-4269-985A-EE6ABC1F7F17}.Debug|Any CPU.Build.0 = Debug|Any CPU
		{7875BFD9-4C6D-4269-985A-EE6ABC1F7F17}.Release|Any CPU.ActiveCfg = Release|Any CPU
		{7875BFD9-4C6D-4269-985A-EE6ABC1F7F17}.Release|Any CPU.Build.0 = Release|Any CPU
	EndGlobalSection
	GlobalSection(SolutionProperties) = preSolution
		HideSolutionNode = FALSE
	EndGlobalSection
	GlobalSection(NestedProjects) = preSolution
		{368BE2B7-456D-474F-A460-7C19E633C7DB} = {CD0B1BD5-CEE9-4E4E-9266-19A18D5E5AF1}
		{70157E2B-961A-4029-A21A-BBBA15066755} = {CD0B1BD5-CEE9-4E4E-9266-19A18D5E5AF1}
		{7875BFD9-4C6D-4269-985A-EE6ABC1F7F17} = {CD0B1BD5-CEE9-4E4E-9266-19A18D5E5AF1}
	EndGlobalSection
	GlobalSection(ExtensibilityGlobals) = postSolution
		SolutionGuid = {6EC93B92-1319-44D3-A596-9FBD9BD23050}
	EndGlobalSection
EndGlobal
